version: 1.0
shards:
  db:
    github: crystal-lang/crystal-db
    version: 0.5.1

  granite:
    github: amberframework/granite
    version: 0.15.2

  i18n:
    github: TechMagister/i18n.cr
    version: 0.2.0

  ifrit:
    github: imdrasil/ifrit
    version: 0.1.2

  inflector:
    github: phoffer/inflector.cr
    version: 0.1.8

  jennifer:
    github: imdrasil/jennifer.cr
    version: 0.7.1

  live_view:
    github: jgaskins/live_view
    commit: 276ad30a09456351f994131acff359aa34d989ba

  pg:
    github: will/crystal-pg
    version: 0.16.1

  sam:
    github: imdrasil/sam.cr
    version: 0.3.0

